
Microsoft Visual Studio Solution File, Format Version 12.00
# Visual Studio Version 17
VisualStudioVersion = 17.7.34024.191
MinimumVisualStudioVersion = 10.0.40219.1
Project("{FAE04EC0-301F-11D3-BF4B-00C04F79EFBC}") = "Polymorphism", "Polymorphism.csproj", "{128D2360-64CF-4186-B937-371C10C2E917}"
EndProject
Global
	GlobalSection(SolutionConfigurationPlatforms) = preSolution
		Debug|Any CPU = Debug|Any CPU
		Release|Any CPU = Release|Any CPU
	EndGlobalSection
	GlobalSection(ProjectConfigurationPlatforms) = postSolution
		{128D2360-64CF-4186-B937-371C10C2E917}.Debug|Any CPU.ActiveCfg = Debug|Any CPU
		{128D2360-64CF-4186-B937-371C10C2E917}.Debug|Any CPU.Build.0 = Debug|Any CPU
		{128D2360-64CF-4186-B937-371C10C2E917}.Release|Any CPU.ActiveCfg = Release|Any CPU
		{128D2360-64CF-4186-B937-371C10C2E917}.Release|Any CPU.Build.0 = Release|Any CPU
	EndGlobalSection
	GlobalSection(SolutionProperties) = preSolution
		HideSolutionNode = FALSE
	EndGlobalSection
	GlobalSection(ExtensibilityGlobals) = postSolution
		SolutionGuid = {9758BAF0-70CE-4884-9558-A3229ACC5768}
	EndGlobalSection
EndGlobal
